{
  "name": "RuoYi-Vue",
  "lockfileVersion": 3,
  "requires": true,
  "packages": {
    "": {
      "dependencies": {
        "skills": "^1.3.9"
      }
    },
    "node_modules/skills": {
      "version": "1.3.9",
      "resolved": "https://registry.npmmirror.com/skills/-/skills-1.3.9.tgz",
      "integrity": "sha512-dSv1LhxUAUWScA5NUThOyfXEQQgdVwuTK9Ztgg+cTs4pVbHDHWsaHa58Iq0+TpGzd2D3eV8wvoHdTKkhuLNJbw==",
      "license": "MIT",
      "bin": {
        "add-skill": "bin/cli.mjs",
        "skills": "bin/cli.mjs"
      },
      "engines": {
        "node": ">=18"
      }
    }
  }
}
